
Microsoft Visual Studio Solution File, Format Version 12.00
# Visual Studio Version 16
VisualStudioVersion = 16.0.31729.503
MinimumVisualStudioVersion = 10.0.40219.1
Project("{9A19103F-16F7-4668-BE54-9A1E7A4F7556}") = "PricingCalculator", "PricingCalculator\PricingCalculator.csproj", "{FB03E7DE-C6D8-4560-816A-33C4912C6FBD}"
EndProject
Project("{9A19103F-16F7-4668-BE54-9A1E7A4F7556}") = "NUnit_PricingCalculator_TestProject", "NUnit_PricingCalculator_TestProject\NUnit_PricingCalculator_TestProject.csproj", "{3B125304-12FA-4C33-89B6-A28A399C2925}"
EndProject
Global
	GlobalSection(SolutionConfigurationPlatforms) = preSolution
		Debug|Any CPU = Debug|Any CPU
		Release|Any CPU = Release|Any CPU
	EndGlobalSection
	GlobalSection(ProjectConfigurationPlatforms) = postSolution
		{FB03E7DE-C6D8-4560-816A-33C4912C6FBD}.Debug|Any CPU.ActiveCfg = Debug|Any CPU
		{FB03E7DE-C6D8-4560-816A-33C4912C6FBD}.Debug|Any CPU.Build.0 = Debug|Any CPU
		{FB03E7DE-C6D8-4560-816A-33C4912C6FBD}.Release|Any CPU.ActiveCfg = Release|Any CPU
		{FB03E7DE-C6D8-4560-816A-33C4912C6FBD}.Release|Any CPU.Build.0 = Release|Any CPU
		{3B125304-12FA-4C33-89B6-A28A399C2925}.Debug|Any CPU.ActiveCfg = Debug|Any CPU
		{3B125304-12FA-4C33-89B6-A28A399C2925}.Debug|Any CPU.Build.0 = Debug|Any CPU
		{3B125304-12FA-4C33-89B6-A28A399C2925}.Release|Any CPU.ActiveCfg = Release|Any CPU
		{3B125304-12FA-4C33-89B6-A28A399C2925}.Release|Any CPU.Build.0 = Release|Any CPU
	EndGlobalSection
	GlobalSection(SolutionProperties) = preSolution
		HideSolutionNode = FALSE
	EndGlobalSection
	GlobalSection(ExtensibilityGlobals) = postSolution
		SolutionGuid = {F94DF088-22A4-48F8-845A-2073CC75E47A}
	EndGlobalSection
EndGlobal
